
Microsoft Visual Studio Solution File, Format Version 12.00
Project("{FAE04EC0-301F-11D3-BF4B-00C04F79EFBC}") = "Trickster", "Trickster\Trickster.csproj", "{EE8F8E74-9DE4-4206-A4EB-11AABE0AB49B}"
EndProject
Global
	GlobalSection(SolutionConfigurationPlatforms) = preSolution
		Debug|Any CPU = Debug|Any CPU
		Release|Any CPU = Release|Any CPU
	EndGlobalSection
	GlobalSection(ProjectConfigurationPlatforms) = postSolution
		{EE8F8E74-9DE4-4206-A4EB-11AABE0AB49B}.Debug|Any CPU.ActiveCfg = Debug|Any CPU
		{EE8F8E74-9DE4-4206-A4EB-11AABE0AB49B}.Debug|Any CPU.Build.0 = Debug|Any CPU
		{EE8F8E74-9DE4-4206-A4EB-11AABE0AB49B}.Release|Any CPU.ActiveCfg = Release|Any CPU
		{EE8F8E74-9DE4-4206-A4EB-11AABE0AB49B}.Release|Any CPU.Build.0 = Release|Any CPU
	EndGlobalSection
EndGlobal
